// !$*UTF8*$!
{
	archiveVersion = 1;
	classes = {
	};
	objectVersion = 56;
	objects = {

/* Begin PBXBuildFile section */
		78024F192BDBD4B2002BC7AC /* DynamicGridContainer.swift in Sources */ = {isa = PBXBuildFile; fileRef = 78024F182BDBD4B2002BC7AC /* DynamicGridContainer.swift */; };
		78024F1C2BDBE09E002BC7AC /* EqualWidthHStack.swift in Sources */ = {isa = PBXBuildFile; fileRef = 78024F1B2BDBE09E002BC7AC /* EqualWidthHStack.swift */; };
		78024F1D2BDBE29B002BC7AC /* EnvironmentValues+Extension.swift in Sources */ = {isa = PBXBuildFile; fileRef = 7867278A2BCD51AA00D21CF5 /* EnvironmentValues+Extension.swift */; };
		78024F1E2BDBE2A0002BC7AC /* View+Extension.swift in Sources */ = {isa = PBXBuildFile; fileRef = 78CDF5F62BCDB595001F6466 /* View+Extension.swift */; };
		7806765F2BE563B60056FAD1 /* GetSizeModifier.swift in Sources */ = {isa = PBXBuildFile; fileRef = 7806765E2BE563B60056FAD1 /* GetSizeModifier.swift */; };
		78091CE52BE902AB001CB204 /* TripDetailView.swift in Sources */ = {isa = PBXBuildFile; fileRef = 78091CE42BE902AB001CB204 /* TripDetailView.swift */; };
		78091CE72BE90EBB001CB204 /* TrailingIconLabelStyle.swift in Sources */ = {isa = PBXBuildFile; fileRef = 78091CE62BE90EBB001CB204 /* TrailingIconLabelStyle.swift */; };
		78091CEB2BE91738001CB204 /* GreyButton.swift in Sources */ = {isa = PBXBuildFile; fileRef = 78091CEA2BE91738001CB204 /* GreyButton.swift */; };
		78091CEF2BE92C42001CB204 /* EditTripView.swift in Sources */ = {isa = PBXBuildFile; fileRef = 78091CEE2BE92C42001CB204 /* EditTripView.swift */; };
		78091CF12BE933CE001CB204 /* EditTripForm.swift in Sources */ = {isa = PBXBuildFile; fileRef = 78091CF02BE933CE001CB204 /* EditTripForm.swift */; };
		78091CF32BE942F2001CB204 /* EditTripFormLargeText.swift in Sources */ = {isa = PBXBuildFile; fileRef = 78091CF22BE942F2001CB204 /* EditTripFormLargeText.swift */; };
		78091CF52BEA4996001CB204 /* EditTripFormHost.swift in Sources */ = {isa = PBXBuildFile; fileRef = 78091CF42BEA4996001CB204 /* EditTripFormHost.swift */; };
		78091CF92BF24672001CB204 /* TripDetailViewUITests.swift in Sources */ = {isa = PBXBuildFile; fileRef = 78091CF82BF24672001CB204 /* TripDetailViewUITests.swift */; };
		78119F242BE568B700A556EE /* GetSizeModifier.swift in Sources */ = {isa = PBXBuildFile; fileRef = 7806765E2BE563B60056FAD1 /* GetSizeModifier.swift */; };
		78119F272BE5722900A556EE /* OSLog+Extension.swift in Sources */ = {isa = PBXBuildFile; fileRef = 78119F262BE5722900A556EE /* OSLog+Extension.swift */; };
		78119F282BE5731B00A556EE /* OSLog+Extension.swift in Sources */ = {isa = PBXBuildFile; fileRef = 78119F262BE5722900A556EE /* OSLog+Extension.swift */; };
		78119F2A2BE6631B00A556EE /* TripCardLargeText.swift in Sources */ = {isa = PBXBuildFile; fileRef = 78119F292BE6631B00A556EE /* TripCardLargeText.swift */; };
		78119F2B2BE6650600A556EE /* TripCardLargeText.swift in Sources */ = {isa = PBXBuildFile; fileRef = 78119F292BE6631B00A556EE /* TripCardLargeText.swift */; };
		78119F2D2BE6688E00A556EE /* Localizable.xcstrings in Resources */ = {isa = PBXBuildFile; fileRef = 78119F2C2BE6688E00A556EE /* Localizable.xcstrings */; };
		78119F2F2BE6746600A556EE /* AddTripView.swift in Sources */ = {isa = PBXBuildFile; fileRef = 78119F2E2BE6746600A556EE /* AddTripView.swift */; };
		78119F312BE6865500A556EE /* NavigationController.swift in Sources */ = {isa = PBXBuildFile; fileRef = 78119F302BE6865500A556EE /* NavigationController.swift */; };
		78119F332BE6887400A556EE /* PersistanceHandler.swift in Sources */ = {isa = PBXBuildFile; fileRef = 78119F322BE6887400A556EE /* PersistanceHandler.swift */; };
		78119F352BE68BF200A556EE /* TripView.swift in Sources */ = {isa = PBXBuildFile; fileRef = 78119F342BE68BF200A556EE /* TripView.swift */; };
		78119F362BE68D7600A556EE /* PersistanceHandler.swift in Sources */ = {isa = PBXBuildFile; fileRef = 78119F322BE6887400A556EE /* PersistanceHandler.swift */; };
		784473AF2BE29814000E627D /* AppTabView.swift in Sources */ = {isa = PBXBuildFile; fileRef = 78CDF5EE2BCDB279001F6466 /* AppTabView.swift */; };
		785BD92A2BE6A5A6006DF738 /* Localizable.xcstrings in Resources */ = {isa = PBXBuildFile; fileRef = 78119F2C2BE6688E00A556EE /* Localizable.xcstrings */; };
		785BD92B2BE6A5AD006DF738 /* NavigationController.swift in Sources */ = {isa = PBXBuildFile; fileRef = 78119F302BE6865500A556EE /* NavigationController.swift */; };
		785BD92C2BE6A5D1006DF738 /* AppScreen.swift in Sources */ = {isa = PBXBuildFile; fileRef = 78CDF5F02BCDB2A1001F6466 /* AppScreen.swift */; };
		785BD92D2BE6A5D3006DF738 /* AppTabView.swift in Sources */ = {isa = PBXBuildFile; fileRef = 78CDF5EE2BCDB279001F6466 /* AppTabView.swift */; };
		785BD92E2BE6A5D5006DF738 /* AppSidebarList.swift in Sources */ = {isa = PBXBuildFile; fileRef = 78CDF5F22BCDB52A001F6466 /* AppSidebarList.swift */; };
		785BD92F2BE6A5D8006DF738 /* AppDetailColumn.swift in Sources */ = {isa = PBXBuildFile; fileRef = 78CDF5F42BCDB536001F6466 /* AppDetailColumn.swift */; };
		785BD9312BE6A608006DF738 /* Footprints.docc in Sources */ = {isa = PBXBuildFile; fileRef = 78BB2EDB2BD121DF00CA8776 /* Footprints.docc */; };
		7861FA9A2BE25AFC00342C61 /* TripViewUITests.swift in Sources */ = {isa = PBXBuildFile; fileRef = 7861FA992BE25AFC00342C61 /* TripViewUITests.swift */; };
		7867278B2BCD51AA00D21CF5 /* EnvironmentValues+Extension.swift in Sources */ = {isa = PBXBuildFile; fileRef = 7867278A2BCD51AA00D21CF5 /* EnvironmentValues+Extension.swift */; };
		7867278D2BCD571A00D21CF5 /* EnvironmentValueTests.swift in Sources */ = {isa = PBXBuildFile; fileRef = 7867278C2BCD571A00D21CF5 /* EnvironmentValueTests.swift */; };
		7867284B2BCD852700D21CF5 /* FootprintsUITestsLaunchTests.swift in Sources */ = {isa = PBXBuildFile; fileRef = 7867284A2BCD852700D21CF5 /* FootprintsUITestsLaunchTests.swift */; };
		786728972BCD85A300D21CF5 /* ContentView.swift in Sources */ = {isa = PBXBuildFile; fileRef = 786728962BCD85A300D21CF5 /* ContentView.swift */; };
		786728992BCD85A400D21CF5 /* Assets.xcassets in Resources */ = {isa = PBXBuildFile; fileRef = 786728982BCD85A400D21CF5 /* Assets.xcassets */; };
		7867289C2BCD85A400D21CF5 /* Preview Assets.xcassets in Resources */ = {isa = PBXBuildFile; fileRef = 7867289B2BCD85A400D21CF5 /* Preview Assets.xcassets */; };
		7867289F2BCD85A400D21CF5 /* Footprints Watch App.app in Embed Watch Content */ = {isa = PBXBuildFile; fileRef = 786728922BCD85A300D21CF5 /* Footprints Watch App.app */; platformFilter = ios; settings = {ATTRIBUTES = (RemoveHeadersOnCopy, ); }; };
		786728A42BCD8DA700D21CF5 /* NavigationUITests.swift in Sources */ = {isa = PBXBuildFile; fileRef = 786728A32BCD8DA700D21CF5 /* NavigationUITests.swift */; };
		78774F672BE79D9A00903128 /* TripView.swift in Sources */ = {isa = PBXBuildFile; fileRef = 78774F662BE79D9A00903128 /* TripView.swift */; };
		78BB2EC62BCED19700CA8776 /* Trip-SampleData.swift in Sources */ = {isa = PBXBuildFile; fileRef = 78BB2EC52BCED19700CA8776 /* Trip-SampleData.swift */; };
		78BB2EC82BCED9AC00CA8776 /* SampleModelContainer.swift in Sources */ = {isa = PBXBuildFile; fileRef = 78BB2EC72BCED9AC00CA8776 /* SampleModelContainer.swift */; };
		78BB2ECA2BCED9FD00CA8776 /* SampleDataGenerator.swift in Sources */ = {isa = PBXBuildFile; fileRef = 78BB2EC92BCED9FD00CA8776 /* SampleDataGenerator.swift */; };
		78BB2ECC2BCEDAAA00CA8776 /* TripTests.swift in Sources */ = {isa = PBXBuildFile; fileRef = 78BB2ECB2BCEDAAA00CA8776 /* TripTests.swift */; };
		78BB2ECE2BCEDB1400CA8776 /* MockModelContainer.swift in Sources */ = {isa = PBXBuildFile; fileRef = 78BB2ECD2BCEDB1400CA8776 /* MockModelContainer.swift */; };
		78BB2ED02BCEDB5500CA8776 /* ModelContainerTestCase.swift in Sources */ = {isa = PBXBuildFile; fileRef = 78BB2ECF2BCEDB5500CA8776 /* ModelContainerTestCase.swift */; };
		78BB2ED32BCF029400CA8776 /* TestSampleData.swift in Sources */ = {isa = PBXBuildFile; fileRef = 78BB2ED22BCF029400CA8776 /* TestSampleData.swift */; };
		78BB2ED82BCF175E00CA8776 /* TripCard.swift in Sources */ = {isa = PBXBuildFile; fileRef = 78BB2ED72BCF175E00CA8776 /* TripCard.swift */; };
		78BB2EDA2BD0209E00CA8776 /* DataPreview.swift in Sources */ = {isa = PBXBuildFile; fileRef = 78BB2ED92BD0209E00CA8776 /* DataPreview.swift */; };
		78BB2EDC2BD121DF00CA8776 /* Footprints.docc in Sources */ = {isa = PBXBuildFile; fileRef = 78BB2EDB2BD121DF00CA8776 /* Footprints.docc */; };
		78BB2EE32BD13EF100CA8776 /* DateExtensionTests.swift in Sources */ = {isa = PBXBuildFile; fileRef = 78BB2EE22BD13EF100CA8776 /* DateExtensionTests.swift */; };
		78BB2EE52BD13F5100CA8776 /* Date+Extension.swift in Sources */ = {isa = PBXBuildFile; fileRef = 78BB2EE42BD13F5100CA8776 /* Date+Extension.swift */; };
		78BB2F022BD1A3F100CA8776 /* FootprintsApp.swift in Sources */ = {isa = PBXBuildFile; fileRef = 78E217002BCD4E5E000C08F9 /* FootprintsApp.swift */; };
		78BB2F032BD1A41800CA8776 /* Trip.swift in Sources */ = {isa = PBXBuildFile; fileRef = 78CDF6072BCDDD93001F6466 /* Trip.swift */; };
		78BB2F052BD1A44200CA8776 /* TripCard.swift in Sources */ = {isa = PBXBuildFile; fileRef = 78BB2ED72BCF175E00CA8776 /* TripCard.swift */; };
		78BB2F062BD1A47200CA8776 /* DataPreview.swift in Sources */ = {isa = PBXBuildFile; fileRef = 78BB2ED92BD0209E00CA8776 /* DataPreview.swift */; };
		78BB2F072BD1A47200CA8776 /* Trip-SampleData.swift in Sources */ = {isa = PBXBuildFile; fileRef = 78BB2EC52BCED19700CA8776 /* Trip-SampleData.swift */; };
		78BB2F082BD1A47200CA8776 /* SampleModelContainer.swift in Sources */ = {isa = PBXBuildFile; fileRef = 78BB2EC72BCED9AC00CA8776 /* SampleModelContainer.swift */; };
		78BB2F092BD1A47200CA8776 /* SampleDataGenerator.swift in Sources */ = {isa = PBXBuildFile; fileRef = 78BB2EC92BCED9FD00CA8776 /* SampleDataGenerator.swift */; };
		78BB2F0A2BD1A47D00CA8776 /* Date+Extension.swift in Sources */ = {isa = PBXBuildFile; fileRef = 78BB2EE42BD13F5100CA8776 /* Date+Extension.swift */; };
		78BB2F0C2BD1A4B600CA8776 /* Preview Assets.xcassets in Resources */ = {isa = PBXBuildFile; fileRef = 78E217072BCD4E5F000C08F9 /* Preview Assets.xcassets */; };
		78CDF5F12BCDB2A1001F6466 /* AppScreen.swift in Sources */ = {isa = PBXBuildFile; fileRef = 78CDF5F02BCDB2A1001F6466 /* AppScreen.swift */; };
		78CDF5F32BCDB52A001F6466 /* AppSidebarList.swift in Sources */ = {isa = PBXBuildFile; fileRef = 78CDF5F22BCDB52A001F6466 /* AppSidebarList.swift */; };
		78CDF5F52BCDB536001F6466 /* AppDetailColumn.swift in Sources */ = {isa = PBXBuildFile; fileRef = 78CDF5F42BCDB536001F6466 /* AppDetailColumn.swift */; };
		78CDF5F72BCDB595001F6466 /* View+Extension.swift in Sources */ = {isa = PBXBuildFile; fileRef = 78CDF5F62BCDB595001F6466 /* View+Extension.swift */; };
		78CDF6042BCDCD69001F6466 /* FootprintsUITests.swift in Sources */ = {isa = PBXBuildFile; fileRef = 78CDF6032BCDCD69001F6466 /* FootprintsUITests.swift */; };
		78CDF6082BCDDD93001F6466 /* Trip.swift in Sources */ = {isa = PBXBuildFile; fileRef = 78CDF6072BCDDD93001F6466 /* Trip.swift */; };
		78E217012BCD4E5E000C08F9 /* FootprintsApp.swift in Sources */ = {isa = PBXBuildFile; fileRef = 78E217002BCD4E5E000C08F9 /* FootprintsApp.swift */; };
		78E217032BCD4E5E000C08F9 /* ContentView.swift in Sources */ = {isa = PBXBuildFile; fileRef = 78E217022BCD4E5E000C08F9 /* ContentView.swift */; };
		78E217052BCD4E5F000C08F9 /* Assets.xcassets in Resources */ = {isa = PBXBuildFile; fileRef = 78E217042BCD4E5F000C08F9 /* Assets.xcassets */; };
		78E217082BCD4E5F000C08F9 /* Preview Assets.xcassets in Resources */ = {isa = PBXBuildFile; fileRef = 78E217072BCD4E5F000C08F9 /* Preview Assets.xcassets */; };
/* End PBXBuildFile section */

/* Begin PBXContainerItemProxy section */
		7867284C2BCD852700D21CF5 /* PBXContainerItemProxy */ = {
			isa = PBXContainerItemProxy;
			containerPortal = 78E216F52BCD4E5E000C08F9 /* Project object */;
			proxyType = 1;
			remoteGlobalIDString = 78E216FC2BCD4E5E000C08F9;
			remoteInfo = Footprints;
		};
		7867289D2BCD85A400D21CF5 /* PBXContainerItemProxy */ = {
			isa = PBXContainerItemProxy;
			containerPortal = 78E216F52BCD4E5E000C08F9 /* Project object */;
			proxyType = 1;
			remoteGlobalIDString = 786728912BCD85A300D21CF5;
			remoteInfo = "FootprintsWatch Watch App";
		};
		78E217162BCD4E7E000C08F9 /* PBXContainerItemProxy */ = {
			isa = PBXContainerItemProxy;
			containerPortal = 78E216F52BCD4E5E000C08F9 /* Project object */;
			proxyType = 1;
			remoteGlobalIDString = 78E216FC2BCD4E5E000C08F9;
			remoteInfo = Footprints;
		};
/* End PBXContainerItemProxy section */

/* Begin PBXCopyFilesBuildPhase section */
		786728252BCD7E0600D21CF5 /* Embed Watch Content */ = {
			isa = PBXCopyFilesBuildPhase;
			buildActionMask = 2147483647;
			dstPath = "$(CONTENTS_FOLDER_PATH)/Watch";
			dstSubfolderSpec = 16;
			files = (
				7867289F2BCD85A400D21CF5 /* Footprints Watch App.app in Embed Watch Content */,
			);
			name = "Embed Watch Content";
			runOnlyForDeploymentPostprocessing = 0;
		};
/* End PBXCopyFilesBuildPhase section */

/* Begin PBXFileReference section */
		78024F182BDBD4B2002BC7AC /* DynamicGridContainer.swift */ = {isa = PBXFileReference; lastKnownFileType = sourcecode.swift; path = DynamicGridContainer.swift; sourceTree = "<group>"; };
		78024F1B2BDBE09E002BC7AC /* EqualWidthHStack.swift */ = {isa = PBXFileReference; lastKnownFileType = sourcecode.swift; path = EqualWidthHStack.swift; sourceTree = "<group>"; };
		7806765E2BE563B60056FAD1 /* GetSizeModifier.swift */ = {isa = PBXFileReference; lastKnownFileType = sourcecode.swift; path = GetSizeModifier.swift; sourceTree = "<group>"; };
		78091CE42BE902AB001CB204 /* TripDetailView.swift */ = {isa = PBXFileReference; lastKnownFileType = sourcecode.swift; path = TripDetailView.swift; sourceTree = "<group>"; };
		78091CE62BE90EBB001CB204 /* TrailingIconLabelStyle.swift */ = {isa = PBXFileReference; lastKnownFileType = sourcecode.swift; path = TrailingIconLabelStyle.swift; sourceTree = "<group>"; };
		78091CEA2BE91738001CB204 /* GreyButton.swift */ = {isa = PBXFileReference; lastKnownFileType = sourcecode.swift; path = GreyButton.swift; sourceTree = "<group>"; };
		78091CEE2BE92C42001CB204 /* EditTripView.swift */ = {isa = PBXFileReference; lastKnownFileType = sourcecode.swift; path = EditTripView.swift; sourceTree = "<group>"; };
		78091CF02BE933CE001CB204 /* EditTripForm.swift */ = {isa = PBXFileReference; lastKnownFileType = sourcecode.swift; path = EditTripForm.swift; sourceTree = "<group>"; };
		78091CF22BE942F2001CB204 /* EditTripFormLargeText.swift */ = {isa = PBXFileReference; lastKnownFileType = sourcecode.swift; path = EditTripFormLargeText.swift; sourceTree = "<group>"; };
		78091CF42BEA4996001CB204 /* EditTripFormHost.swift */ = {isa = PBXFileReference; lastKnownFileType = sourcecode.swift; path = EditTripFormHost.swift; sourceTree = "<group>"; };
		78091CF82BF24672001CB204 /* TripDetailViewUITests.swift */ = {isa = PBXFileReference; lastKnownFileType = sourcecode.swift; path = TripDetailViewUITests.swift; sourceTree = "<group>"; };
		78119F262BE5722900A556EE /* OSLog+Extension.swift */ = {isa = PBXFileReference; lastKnownFileType = sourcecode.swift; path = "OSLog+Extension.swift"; sourceTree = "<group>"; };
		78119F292BE6631B00A556EE /* TripCardLargeText.swift */ = {isa = PBXFileReference; lastKnownFileType = sourcecode.swift; path = TripCardLargeText.swift; sourceTree = "<group>"; };
		78119F2C2BE6688E00A556EE /* Localizable.xcstrings */ = {isa = PBXFileReference; lastKnownFileType = text.json.xcstrings; path = Localizable.xcstrings; sourceTree = "<group>"; };
		78119F2E2BE6746600A556EE /* AddTripView.swift */ = {isa = PBXFileReference; lastKnownFileType = sourcecode.swift; path = AddTripView.swift; sourceTree = "<group>"; };
		78119F302BE6865500A556EE /* NavigationController.swift */ = {isa = PBXFileReference; lastKnownFileType = sourcecode.swift; path = NavigationController.swift; sourceTree = "<group>"; };
		78119F322BE6887400A556EE /* PersistanceHandler.swift */ = {isa = PBXFileReference; lastKnownFileType = sourcecode.swift; path = PersistanceHandler.swift; sourceTree = "<group>"; };
		78119F342BE68BF200A556EE /* TripView.swift */ = {isa = PBXFileReference; lastKnownFileType = sourcecode.swift; path = TripView.swift; sourceTree = "<group>"; };
		7861FA992BE25AFC00342C61 /* TripViewUITests.swift */ = {isa = PBXFileReference; lastKnownFileType = sourcecode.swift; path = TripViewUITests.swift; sourceTree = "<group>"; };
		7867278A2BCD51AA00D21CF5 /* EnvironmentValues+Extension.swift */ = {isa = PBXFileReference; lastKnownFileType = sourcecode.swift; path = "EnvironmentValues+Extension.swift"; sourceTree = "<group>"; };
		7867278C2BCD571A00D21CF5 /* EnvironmentValueTests.swift */ = {isa = PBXFileReference; lastKnownFileType = sourcecode.swift; path = EnvironmentValueTests.swift; sourceTree = "<group>"; };
		786728462BCD852700D21CF5 /* FootprintsUITests.xctest */ = {isa = PBXFileReference; explicitFileType = wrapper.cfbundle; includeInIndex = 0; path = FootprintsUITests.xctest; sourceTree = BUILT_PRODUCTS_DIR; };
		7867284A2BCD852700D21CF5 /* FootprintsUITestsLaunchTests.swift */ = {isa = PBXFileReference; lastKnownFileType = sourcecode.swift; path = FootprintsUITestsLaunchTests.swift; sourceTree = "<group>"; };
		786728922BCD85A300D21CF5 /* Footprints Watch App.app */ = {isa = PBXFileReference; explicitFileType = wrapper.application; includeInIndex = 0; path = "Footprints Watch App.app"; sourceTree = BUILT_PRODUCTS_DIR; };
		786728962BCD85A300D21CF5 /* ContentView.swift */ = {isa = PBXFileReference; lastKnownFileType = sourcecode.swift; path = ContentView.swift; sourceTree = "<group>"; };
		786728982BCD85A400D21CF5 /* Assets.xcassets */ = {isa = PBXFileReference; lastKnownFileType = folder.assetcatalog; path = Assets.xcassets; sourceTree = "<group>"; };
		7867289B2BCD85A400D21CF5 /* Preview Assets.xcassets */ = {isa = PBXFileReference; lastKnownFileType = folder.assetcatalog; path = "Preview Assets.xcassets"; sourceTree = "<group>"; };
		786728A32BCD8DA700D21CF5 /* NavigationUITests.swift */ = {isa = PBXFileReference; lastKnownFileType = sourcecode.swift; path = NavigationUITests.swift; sourceTree = "<group>"; };
		78774F662BE79D9A00903128 /* TripView.swift */ = {isa = PBXFileReference; lastKnownFileType = sourcecode.swift; path = TripView.swift; sourceTree = "<group>"; };
		78BB2EC52BCED19700CA8776 /* Trip-SampleData.swift */ = {isa = PBXFileReference; lastKnownFileType = sourcecode.swift; path = "Trip-SampleData.swift"; sourceTree = "<group>"; };
		78BB2EC72BCED9AC00CA8776 /* SampleModelContainer.swift */ = {isa = PBXFileReference; lastKnownFileType = sourcecode.swift; path = SampleModelContainer.swift; sourceTree = "<group>"; };
		78BB2EC92BCED9FD00CA8776 /* SampleDataGenerator.swift */ = {isa = PBXFileReference; lastKnownFileType = sourcecode.swift; path = SampleDataGenerator.swift; sourceTree = "<group>"; };
		78BB2ECB2BCEDAAA00CA8776 /* TripTests.swift */ = {isa = PBXFileReference; lastKnownFileType = sourcecode.swift; path = TripTests.swift; sourceTree = "<group>"; };
		78BB2ECD2BCEDB1400CA8776 /* MockModelContainer.swift */ = {isa = PBXFileReference; lastKnownFileType = sourcecode.swift; path = MockModelContainer.swift; sourceTree = "<group>"; };
		78BB2ECF2BCEDB5500CA8776 /* ModelContainerTestCase.swift */ = {isa = PBXFileReference; lastKnownFileType = sourcecode.swift; path = ModelContainerTestCase.swift; sourceTree = "<group>"; };
		78BB2ED12BCEFED600CA8776 /* Footprints.xctestplan */ = {isa = PBXFileReference; lastKnownFileType = text; path = Footprints.xctestplan; sourceTree = "<group>"; };
		78BB2ED22BCF029400CA8776 /* TestSampleData.swift */ = {isa = PBXFileReference; lastKnownFileType = sourcecode.swift; path = TestSampleData.swift; sourceTree = "<group>"; };
		78BB2ED72BCF175E00CA8776 /* TripCard.swift */ = {isa = PBXFileReference; lastKnownFileType = sourcecode.swift; path = TripCard.swift; sourceTree = "<group>"; };
		78BB2ED92BD0209E00CA8776 /* DataPreview.swift */ = {isa = PBXFileReference; lastKnownFileType = sourcecode.swift; path = DataPreview.swift; sourceTree = "<group>"; };
		78BB2EDB2BD121DF00CA8776 /* Footprints.docc */ = {isa = PBXFileReference; lastKnownFileType = folder.documentationcatalog; path = Footprints.docc; sourceTree = "<group>"; };
		78BB2EDD2BD1253400CA8776 /* README.md */ = {isa = PBXFileReference; lastKnownFileType = net.daringfireball.markdown; path = README.md; sourceTree = "<group>"; };
		78BB2EE22BD13EF100CA8776 /* DateExtensionTests.swift */ = {isa = PBXFileReference; lastKnownFileType = sourcecode.swift; path = DateExtensionTests.swift; sourceTree = "<group>"; };
		78BB2EE42BD13F5100CA8776 /* Date+Extension.swift */ = {isa = PBXFileReference; lastKnownFileType = sourcecode.swift; path = "Date+Extension.swift"; sourceTree = "<group>"; };
		78CDF5EE2BCDB279001F6466 /* AppTabView.swift */ = {isa = PBXFileReference; lastKnownFileType = sourcecode.swift; path = AppTabView.swift; sourceTree = "<group>"; };
		78CDF5F02BCDB2A1001F6466 /* AppScreen.swift */ = {isa = PBXFileReference; lastKnownFileType = sourcecode.swift; path = AppScreen.swift; sourceTree = "<group>"; };
		78CDF5F22BCDB52A001F6466 /* AppSidebarList.swift */ = {isa = PBXFileReference; lastKnownFileType = sourcecode.swift; path = AppSidebarList.swift; sourceTree = "<group>"; };
		78CDF5F42BCDB536001F6466 /* AppDetailColumn.swift */ = {isa = PBXFileReference; lastKnownFileType = sourcecode.swift; path = AppDetailColumn.swift; sourceTree = "<group>"; };
		78CDF5F62BCDB595001F6466 /* View+Extension.swift */ = {isa = PBXFileReference; lastKnownFileType = sourcecode.swift; path = "View+Extension.swift"; sourceTree = "<group>"; };
		78CDF6032BCDCD69001F6466 /* FootprintsUITests.swift */ = {isa = PBXFileReference; lastKnownFileType = sourcecode.swift; path = FootprintsUITests.swift; sourceTree = "<group>"; };
		78CDF6072BCDDD93001F6466 /* Trip.swift */ = {isa = PBXFileReference; lastKnownFileType = sourcecode.swift; path = Trip.swift; sourceTree = "<group>"; };
		78E216FD2BCD4E5E000C08F9 /* Footprints.app */ = {isa = PBXFileReference; explicitFileType = wrapper.application; includeInIndex = 0; path = Footprints.app; sourceTree = BUILT_PRODUCTS_DIR; };
		78E217002BCD4E5E000C08F9 /* FootprintsApp.swift */ = {isa = PBXFileReference; lastKnownFileType = sourcecode.swift; path = FootprintsApp.swift; sourceTree = "<group>"; };
		78E217022BCD4E5E000C08F9 /* ContentView.swift */ = {isa = PBXFileReference; lastKnownFileType = sourcecode.swift; path = ContentView.swift; sourceTree = "<group>"; };
		78E217042BCD4E5F000C08F9 /* Assets.xcassets */ = {isa = PBXFileReference; lastKnownFileType = folder.assetcatalog; path = Assets.xcassets; sourceTree = "<group>"; };
		78E217072BCD4E5F000C08F9 /* Preview Assets.xcassets */ = {isa = PBXFileReference; lastKnownFileType = folder.assetcatalog; path = "Preview Assets.xcassets"; sourceTree = "<group>"; };
		78E217122BCD4E7E000C08F9 /* FootprintsTests.xctest */ = {isa = PBXFileReference; explicitFileType = wrapper.cfbundle; includeInIndex = 0; path = FootprintsTests.xctest; sourceTree = BUILT_PRODUCTS_DIR; };
/* End PBXFileReference section */

/* Begin PBXFrameworksBuildPhase section */
		786728432BCD852700D21CF5 /* Frameworks */ = {
			isa = PBXFrameworksBuildPhase;
			buildActionMask = 2147483647;
			files = (
			);
			runOnlyForDeploymentPostprocessing = 0;
		};
		7867288F2BCD85A300D21CF5 /* Frameworks */ = {
			isa = PBXFrameworksBuildPhase;
			buildActionMask = 2147483647;
			files = (
			);
			runOnlyForDeploymentPostprocessing = 0;
		};
		78E216FA2BCD4E5E000C08F9 /* Frameworks */ = {
			isa = PBXFrameworksBuildPhase;
			buildActionMask = 2147483647;
			files = (
			);
			runOnlyForDeploymentPostprocessing = 0;
		};
		78E2170F2BCD4E7E000C08F9 /* Frameworks */ = {
			isa = PBXFrameworksBuildPhase;
			buildActionMask = 2147483647;
			files = (
			);
			runOnlyForDeploymentPostprocessing = 0;
		};
/* End PBXFrameworksBuildPhase section */

/* Begin PBXGroup section */
		78024F1A2BDBD4B7002BC7AC /* Containers */ = {
			isa = PBXGroup;
			children = (
				78024F182BDBD4B2002BC7AC /* DynamicGridContainer.swift */,
				78024F1B2BDBE09E002BC7AC /* EqualWidthHStack.swift */,
			);
			path = Containers;
			sourceTree = "<group>";
		};
		78091CF62BEA4B80001CB204 /* TripEditing */ = {
			isa = PBXGroup;
			children = (
				78119F2E2BE6746600A556EE /* AddTripView.swift */,
				78091CEE2BE92C42001CB204 /* EditTripView.swift */,
				78091CF42BEA4996001CB204 /* EditTripFormHost.swift */,
				78091CF02BE933CE001CB204 /* EditTripForm.swift */,
				78091CF22BE942F2001CB204 /* EditTripFormLargeText.swift */,
			);
			path = TripEditing;
			sourceTree = "<group>";
		};
		78091CF72BEA4B96001CB204 /* Styles */ = {
			isa = PBXGroup;
			children = (
				78091CE62BE90EBB001CB204 /* TrailingIconLabelStyle.swift */,
				78091CEA2BE91738001CB204 /* GreyButton.swift */,
			);
			path = Styles;
			sourceTree = "<group>";
		};
		78119F252BE56FC200A556EE /* ViewModifiers */ = {
			isa = PBXGroup;
			children = (
				7806765E2BE563B60056FAD1 /* GetSizeModifier.swift */,
			);
			path = ViewModifiers;
			sourceTree = "<group>";
		};
		786728472BCD852700D21CF5 /* FootprintsUITests */ = {
			isa = PBXGroup;
			children = (
				78CDF6032BCDCD69001F6466 /* FootprintsUITests.swift */,
				786728A32BCD8DA700D21CF5 /* NavigationUITests.swift */,
				7861FA992BE25AFC00342C61 /* TripViewUITests.swift */,
				78091CF82BF24672001CB204 /* TripDetailViewUITests.swift */,
				7867284A2BCD852700D21CF5 /* FootprintsUITestsLaunchTests.swift */,
			);
			path = FootprintsUITests;
			sourceTree = "<group>";
		};
		786728932BCD85A300D21CF5 /* Footprints Watch App */ = {
			isa = PBXGroup;
			children = (
				786728962BCD85A300D21CF5 /* ContentView.swift */,
				78119F342BE68BF200A556EE /* TripView.swift */,
				786728982BCD85A400D21CF5 /* Assets.xcassets */,
				7867289A2BCD85A400D21CF5 /* Preview Content */,
			);
			path = "Footprints Watch App";
			sourceTree = "<group>";
		};
		7867289A2BCD85A400D21CF5 /* Preview Content */ = {
			isa = PBXGroup;
			children = (
				7867289B2BCD85A400D21CF5 /* Preview Assets.xcassets */,
			);
			path = "Preview Content";
			sourceTree = "<group>";
		};
		78BB2ED52BCF0FBF00CA8776 /* Trips */ = {
			isa = PBXGroup;
			children = (
				78CDF6072BCDDD93001F6466 /* Trip.swift */,
				78BB2ED72BCF175E00CA8776 /* TripCard.swift */,
				78774F662BE79D9A00903128 /* TripView.swift */,
				78119F292BE6631B00A556EE /* TripCardLargeText.swift */,
				78091CE42BE902AB001CB204 /* TripDetailView.swift */,
				78091CF62BEA4B80001CB204 /* TripEditing */,
			);
			path = Trips;
			sourceTree = "<group>";
		};
		78CDF5ED2BCDB267001F6466 /* Navigation */ = {
			isa = PBXGroup;
			children = (
				78CDF5F02BCDB2A1001F6466 /* AppScreen.swift */,
				78CDF5EE2BCDB279001F6466 /* AppTabView.swift */,
				78CDF5F22BCDB52A001F6466 /* AppSidebarList.swift */,
				78CDF5F42BCDB536001F6466 /* AppDetailColumn.swift */,
			);
			path = Navigation;
			sourceTree = "<group>";
		};
		78CDF5F82BCDB67F001F6466 /* Extensions */ = {
			isa = PBXGroup;
			children = (
				7867278A2BCD51AA00D21CF5 /* EnvironmentValues+Extension.swift */,
				78119F262BE5722900A556EE /* OSLog+Extension.swift */,
				78CDF5F62BCDB595001F6466 /* View+Extension.swift */,
				78BB2EE42BD13F5100CA8776 /* Date+Extension.swift */,
			);
			path = Extensions;
			sourceTree = "<group>";
		};
		78E216F42BCD4E5E000C08F9 = {
			isa = PBXGroup;
			children = (
				78BB2EDD2BD1253400CA8776 /* README.md */,
				78BB2ED12BCEFED600CA8776 /* Footprints.xctestplan */,
				78119F2C2BE6688E00A556EE /* Localizable.xcstrings */,
				78E216FF2BCD4E5E000C08F9 /* Footprints */,
				78E217132BCD4E7E000C08F9 /* FootprintsTests */,
				786728472BCD852700D21CF5 /* FootprintsUITests */,
				786728932BCD85A300D21CF5 /* Footprints Watch App */,
				78E216FE2BCD4E5E000C08F9 /* Products */,
			);
			sourceTree = "<group>";
		};
		78E216FE2BCD4E5E000C08F9 /* Products */ = {
			isa = PBXGroup;
			children = (
				78E216FD2BCD4E5E000C08F9 /* Footprints.app */,
				78E217122BCD4E7E000C08F9 /* FootprintsTests.xctest */,
				786728462BCD852700D21CF5 /* FootprintsUITests.xctest */,
				786728922BCD85A300D21CF5 /* Footprints Watch App.app */,
			);
			name = Products;
			sourceTree = "<group>";
		};
		78E216FF2BCD4E5E000C08F9 /* Footprints */ = {
			isa = PBXGroup;
			children = (
				78E217002BCD4E5E000C08F9 /* FootprintsApp.swift */,
				78119F302BE6865500A556EE /* NavigationController.swift */,
				78119F322BE6887400A556EE /* PersistanceHandler.swift */,
				78E217022BCD4E5E000C08F9 /* ContentView.swift */,
				78119F252BE56FC200A556EE /* ViewModifiers */,
				78091CF72BEA4B96001CB204 /* Styles */,
				78024F1A2BDBD4B7002BC7AC /* Containers */,
				78CDF5ED2BCDB267001F6466 /* Navigation */,
				78BB2ED52BCF0FBF00CA8776 /* Trips */,
				78CDF5F82BCDB67F001F6466 /* Extensions */,
				78E217042BCD4E5F000C08F9 /* Assets.xcassets */,
				78E217062BCD4E5F000C08F9 /* Preview Content */,
				78BB2EDB2BD121DF00CA8776 /* Footprints.docc */,
			);
			path = Footprints;
			sourceTree = "<group>";
		};
		78E217062BCD4E5F000C08F9 /* Preview Content */ = {
			isa = PBXGroup;
			children = (
				78BB2EC52BCED19700CA8776 /* Trip-SampleData.swift */,
				78BB2ED92BD0209E00CA8776 /* DataPreview.swift */,
				78BB2EC72BCED9AC00CA8776 /* SampleModelContainer.swift */,
				78BB2EC92BCED9FD00CA8776 /* SampleDataGenerator.swift */,
				78E217072BCD4E5F000C08F9 /* Preview Assets.xcassets */,
			);
			path = "Preview Content";
			sourceTree = "<group>";
		};
		78E217132BCD4E7E000C08F9 /* FootprintsTests */ = {
			isa = PBXGroup;
			children = (
				78BB2ECD2BCEDB1400CA8776 /* MockModelContainer.swift */,
				78BB2ECF2BCEDB5500CA8776 /* ModelContainerTestCase.swift */,
				78BB2ED22BCF029400CA8776 /* TestSampleData.swift */,
				7867278C2BCD571A00D21CF5 /* EnvironmentValueTests.swift */,
				78BB2ECB2BCEDAAA00CA8776 /* TripTests.swift */,
				78BB2EE22BD13EF100CA8776 /* DateExtensionTests.swift */,
			);
			path = FootprintsTests;
			sourceTree = "<group>";
		};
/* End PBXGroup section */

/* Begin PBXNativeTarget section */
		786728452BCD852700D21CF5 /* FootprintsUITests */ = {
			isa = PBXNativeTarget;
			buildConfigurationList = 7867284E2BCD852700D21CF5 /* Build configuration list for PBXNativeTarget "FootprintsUITests" */;
			buildPhases = (
				786728422BCD852700D21CF5 /* Sources */,
				786728432BCD852700D21CF5 /* Frameworks */,
				786728442BCD852700D21CF5 /* Resources */,
			);
			buildRules = (
			);
			dependencies = (
				7867284D2BCD852700D21CF5 /* PBXTargetDependency */,
			);
			name = FootprintsUITests;
			productName = FootprintsUITests;
			productReference = 786728462BCD852700D21CF5 /* FootprintsUITests.xctest */;
			productType = "com.apple.product-type.bundle.ui-testing";
		};
		786728912BCD85A300D21CF5 /* Footprints Watch App */ = {
			isa = PBXNativeTarget;
			buildConfigurationList = 786728A02BCD85A400D21CF5 /* Build configuration list for PBXNativeTarget "Footprints Watch App" */;
			buildPhases = (
				7867288E2BCD85A300D21CF5 /* Sources */,
				7867288F2BCD85A300D21CF5 /* Frameworks */,
				786728902BCD85A300D21CF5 /* Resources */,
			);
			buildRules = (
			);
			dependencies = (
			);
			name = "Footprints Watch App";
			productName = "FootprintsWatch Watch App";
			productReference = 786728922BCD85A300D21CF5 /* Footprints Watch App.app */;
			productType = "com.apple.product-type.application";
		};
		78E216FC2BCD4E5E000C08F9 /* Footprints */ = {
			isa = PBXNativeTarget;
			buildConfigurationList = 78E2170B2BCD4E5F000C08F9 /* Build configuration list for PBXNativeTarget "Footprints" */;
			buildPhases = (
				78E216F92BCD4E5E000C08F9 /* Sources */,
				78E216FA2BCD4E5E000C08F9 /* Frameworks */,
				78E216FB2BCD4E5E000C08F9 /* Resources */,
				786728252BCD7E0600D21CF5 /* Embed Watch Content */,
				78CDF6022BCDC644001F6466 /* SwiftLint */,
			);
			buildRules = (
			);
			dependencies = (
				7867289E2BCD85A400D21CF5 /* PBXTargetDependency */,
			);
			name = Footprints;
			productName = Footprints;
			productReference = 78E216FD2BCD4E5E000C08F9 /* Footprints.app */;
			productType = "com.apple.product-type.application";
		};
		78E217112BCD4E7E000C08F9 /* FootprintsTests */ = {
			isa = PBXNativeTarget;
			buildConfigurationList = 78E217182BCD4E7E000C08F9 /* Build configuration list for PBXNativeTarget "FootprintsTests" */;
			buildPhases = (
				78E2170E2BCD4E7E000C08F9 /* Sources */,
				78E2170F2BCD4E7E000C08F9 /* Frameworks */,
				78E217102BCD4E7E000C08F9 /* Resources */,
			);
			buildRules = (
			);
			dependencies = (
				78E217172BCD4E7E000C08F9 /* PBXTargetDependency */,
			);
			name = FootprintsTests;
			productName = FootprintsTests;
			productReference = 78E217122BCD4E7E000C08F9 /* FootprintsTests.xctest */;
			productType = "com.apple.product-type.bundle.unit-test";
		};
/* End PBXNativeTarget section */

/* Begin PBXProject section */
		78E216F52BCD4E5E000C08F9 /* Project object */ = {
			isa = PBXProject;
			attributes = {
				BuildIndependentTargetsInParallel = 1;
				LastSwiftUpdateCheck = 1530;
				LastUpgradeCheck = 1530;
				TargetAttributes = {
					786728452BCD852700D21CF5 = {
						CreatedOnToolsVersion = 15.3;
						TestTargetID = 78E216FC2BCD4E5E000C08F9;
					};
					786728912BCD85A300D21CF5 = {
						CreatedOnToolsVersion = 15.3;
					};
					78E216FC2BCD4E5E000C08F9 = {
						CreatedOnToolsVersion = 15.3;
					};
					78E217112BCD4E7E000C08F9 = {
						CreatedOnToolsVersion = 15.3;
						TestTargetID = 78E216FC2BCD4E5E000C08F9;
					};
				};
			};
			buildConfigurationList = 78E216F82BCD4E5E000C08F9 /* Build configuration list for PBXProject "Footprints" */;
			compatibilityVersion = "Xcode 14.0";
			developmentRegion = en;
			hasScannedForEncodings = 0;
			knownRegions = (
				en,
				Base,
				es,
			);
			mainGroup = 78E216F42BCD4E5E000C08F9;
			productRefGroup = 78E216FE2BCD4E5E000C08F9 /* Products */;
			projectDirPath = "";
			projectRoot = "";
			targets = (
				78E216FC2BCD4E5E000C08F9 /* Footprints */,
				78E217112BCD4E7E000C08F9 /* FootprintsTests */,
				786728452BCD852700D21CF5 /* FootprintsUITests */,
				786728912BCD85A300D21CF5 /* Footprints Watch App */,
			);
		};
/* End PBXProject section */

/* Begin PBXResourcesBuildPhase section */
		786728442BCD852700D21CF5 /* Resources */ = {
			isa = PBXResourcesBuildPhase;
			buildActionMask = 2147483647;
			files = (
			);
			runOnlyForDeploymentPostprocessing = 0;
		};
		786728902BCD85A300D21CF5 /* Resources */ = {
			isa = PBXResourcesBuildPhase;
			buildActionMask = 2147483647;
			files = (
				7867289C2BCD85A400D21CF5 /* Preview Assets.xcassets in Resources */,
				78BB2F0C2BD1A4B600CA8776 /* Preview Assets.xcassets in Resources */,
				785BD92A2BE6A5A6006DF738 /* Localizable.xcstrings in Resources */,
				786728992BCD85A400D21CF5 /* Assets.xcassets in Resources */,
			);
			runOnlyForDeploymentPostprocessing = 0;
		};
		78E216FB2BCD4E5E000C08F9 /* Resources */ = {
			isa = PBXResourcesBuildPhase;
			buildActionMask = 2147483647;
			files = (
				78E217082BCD4E5F000C08F9 /* Preview Assets.xcassets in Resources */,
				78E217052BCD4E5F000C08F9 /* Assets.xcassets in Resources */,
				78119F2D2BE6688E00A556EE /* Localizable.xcstrings in Resources */,
			);
			runOnlyForDeploymentPostprocessing = 0;
		};
		78E217102BCD4E7E000C08F9 /* Resources */ = {
			isa = PBXResourcesBuildPhase;
			buildActionMask = 2147483647;
			files = (
			);
			runOnlyForDeploymentPostprocessing = 0;
		};
/* End PBXResourcesBuildPhase section */

/* Begin PBXShellScriptBuildPhase section */
		78CDF6022BCDC644001F6466 /* SwiftLint */ = {
			isa = PBXShellScriptBuildPhase;
			alwaysOutOfDate = 1;
			buildActionMask = 2147483647;
			files = (
			);
			inputFileListPaths = (
			);
			inputPaths = (
			);
			name = SwiftLint;
			outputFileListPaths = (
			);
			outputPaths = (
			);
			runOnlyForDeploymentPostprocessing = 0;
			shellPath = /bin/sh;
			shellScript = "if [[ \"$(uname -m)\" == arm64 ]]; then\n    export PATH=\"/opt/homebrew/bin:$PATH\"\nfi\n\nif which swiftlint > /dev/null; then\n  swiftlint\nelse\n  echo \"warning: SwiftLint not installed, download from https://github.com/realm/SwiftLint\"\nfi\n";
		};
/* End PBXShellScriptBuildPhase section */

/* Begin PBXSourcesBuildPhase section */
		786728422BCD852700D21CF5 /* Sources */ = {
			isa = PBXSourcesBuildPhase;
			buildActionMask = 2147483647;
			files = (
				7867284B2BCD852700D21CF5 /* FootprintsUITestsLaunchTests.swift in Sources */,
				786728A42BCD8DA700D21CF5 /* NavigationUITests.swift in Sources */,
				78091CF92BF24672001CB204 /* TripDetailViewUITests.swift in Sources */,
				78CDF6042BCDCD69001F6466 /* FootprintsUITests.swift in Sources */,
				7861FA9A2BE25AFC00342C61 /* TripViewUITests.swift in Sources */,
			);
			runOnlyForDeploymentPostprocessing = 0;
		};
		7867288E2BCD85A300D21CF5 /* Sources */ = {
			isa = PBXSourcesBuildPhase;
			buildActionMask = 2147483647;
			files = (
				78BB2F032BD1A41800CA8776 /* Trip.swift in Sources */,
				785BD92E2BE6A5D5006DF738 /* AppSidebarList.swift in Sources */,
				786728972BCD85A300D21CF5 /* ContentView.swift in Sources */,
				785BD92C2BE6A5D1006DF738 /* AppScreen.swift in Sources */,
				78119F362BE68D7600A556EE /* PersistanceHandler.swift in Sources */,
				78BB2F062BD1A47200CA8776 /* DataPreview.swift in Sources */,
				78119F352BE68BF200A556EE /* TripView.swift in Sources */,
				78119F2B2BE6650600A556EE /* TripCardLargeText.swift in Sources */,
				78BB2F072BD1A47200CA8776 /* Trip-SampleData.swift in Sources */,
				78119F282BE5731B00A556EE /* OSLog+Extension.swift in Sources */,
				78BB2F082BD1A47200CA8776 /* SampleModelContainer.swift in Sources */,
				78BB2F0A2BD1A47D00CA8776 /* Date+Extension.swift in Sources */,
				785BD9312BE6A608006DF738 /* Footprints.docc in Sources */,
				78119F242BE568B700A556EE /* GetSizeModifier.swift in Sources */,
				78BB2F092BD1A47200CA8776 /* SampleDataGenerator.swift in Sources */,
				78BB2F022BD1A3F100CA8776 /* FootprintsApp.swift in Sources */,
				785BD92D2BE6A5D3006DF738 /* AppTabView.swift in Sources */,
				785BD92B2BE6A5AD006DF738 /* NavigationController.swift in Sources */,
				78024F1D2BDBE29B002BC7AC /* EnvironmentValues+Extension.swift in Sources */,
				78024F1E2BDBE2A0002BC7AC /* View+Extension.swift in Sources */,
				78BB2F052BD1A44200CA8776 /* TripCard.swift in Sources */,
				785BD92F2BE6A5D8006DF738 /* AppDetailColumn.swift in Sources */,
			);
			runOnlyForDeploymentPostprocessing = 0;
		};
		78E216F92BCD4E5E000C08F9 /* Sources */ = {
			isa = PBXSourcesBuildPhase;
			buildActionMask = 2147483647;
			files = (
				78119F2F2BE6746600A556EE /* AddTripView.swift in Sources */,
				78119F312BE6865500A556EE /* NavigationController.swift in Sources */,
				78CDF6082BCDDD93001F6466 /* Trip.swift in Sources */,
				78BB2EC82BCED9AC00CA8776 /* SampleModelContainer.swift in Sources */,
				78091CE72BE90EBB001CB204 /* TrailingIconLabelStyle.swift in Sources */,
				78119F2A2BE6631B00A556EE /* TripCardLargeText.swift in Sources */,
				78091CF12BE933CE001CB204 /* EditTripForm.swift in Sources */,
				78BB2EDA2BD0209E00CA8776 /* DataPreview.swift in Sources */,
				7867278B2BCD51AA00D21CF5 /* EnvironmentValues+Extension.swift in Sources */,
				78E217032BCD4E5E000C08F9 /* ContentView.swift in Sources */,
				78CDF5F72BCDB595001F6466 /* View+Extension.swift in Sources */,
				78774F672BE79D9A00903128 /* TripView.swift in Sources */,
				78BB2EC62BCED19700CA8776 /* Trip-SampleData.swift in Sources */,
				78119F332BE6887400A556EE /* PersistanceHandler.swift in Sources */,
				78BB2ECA2BCED9FD00CA8776 /* SampleDataGenerator.swift in Sources */,
				78091CF52BEA4996001CB204 /* EditTripFormHost.swift in Sources */,
				78024F192BDBD4B2002BC7AC /* DynamicGridContainer.swift in Sources */,
				78091CEB2BE91738001CB204 /* GreyButton.swift in Sources */,
				78CDF5F52BCDB536001F6466 /* AppDetailColumn.swift in Sources */,
				78E217012BCD4E5E000C08F9 /* FootprintsApp.swift in Sources */,
				78091CE52BE902AB001CB204 /* TripDetailView.swift in Sources */,
				78091CF32BE942F2001CB204 /* EditTripFormLargeText.swift in Sources */,
				78091CEF2BE92C42001CB204 /* EditTripView.swift in Sources */,
				78CDF5F32BCDB52A001F6466 /* AppSidebarList.swift in Sources */,
				78BB2ED82BCF175E00CA8776 /* TripCard.swift in Sources */,
				78BB2EDC2BD121DF00CA8776 /* Footprints.docc in Sources */,
				78BB2EE52BD13F5100CA8776 /* Date+Extension.swift in Sources */,
				78024F1C2BDBE09E002BC7AC /* EqualWidthHStack.swift in Sources */,
				784473AF2BE29814000E627D /* AppTabView.swift in Sources */,
				78119F272BE5722900A556EE /* OSLog+Extension.swift in Sources */,
				7806765F2BE563B60056FAD1 /* GetSizeModifier.swift in Sources */,
				78CDF5F12BCDB2A1001F6466 /* AppScreen.swift in Sources */,
			);
			runOnlyForDeploymentPostprocessing = 0;
		};
		78E2170E2BCD4E7E000C08F9 /* Sources */ = {
			isa = PBXSourcesBuildPhase;
			buildActionMask = 2147483647;
			files = (
				78BB2ED32BCF029400CA8776 /* TestSampleData.swift in Sources */,
				78BB2ECC2BCEDAAA00CA8776 /* TripTests.swift in Sources */,
				7867278D2BCD571A00D21CF5 /* EnvironmentValueTests.swift in Sources */,
				78BB2ECE2BCEDB1400CA8776 /* MockModelContainer.swift in Sources */,
				78BB2ED02BCEDB5500CA8776 /* ModelContainerTestCase.swift in Sources */,
				78BB2EE32BD13EF100CA8776 /* DateExtensionTests.swift in Sources */,
			);
			runOnlyForDeploymentPostprocessing = 0;
		};
/* End PBXSourcesBuildPhase section */

/* Begin PBXTargetDependency section */
		7867284D2BCD852700D21CF5 /* PBXTargetDependency */ = {
			isa = PBXTargetDependency;
			target = 78E216FC2BCD4E5E000C08F9 /* Footprints */;
			targetProxy = 7867284C2BCD852700D21CF5 /* PBXContainerItemProxy */;
		};
		7867289E2BCD85A400D21CF5 /* PBXTargetDependency */ = {
			isa = PBXTargetDependency;
			platformFilter = ios;
			target = 786728912BCD85A300D21CF5 /* Footprints Watch App */;
			targetProxy = 7867289D2BCD85A400D21CF5 /* PBXContainerItemProxy */;
		};
		78E217172BCD4E7E000C08F9 /* PBXTargetDependency */ = {
			isa = PBXTargetDependency;
			target = 78E216FC2BCD4E5E000C08F9 /* Footprints */;
			targetProxy = 78E217162BCD4E7E000C08F9 /* PBXContainerItemProxy */;
		};
/* End PBXTargetDependency section */

/* Begin XCBuildConfiguration section */
		7867284F2BCD852700D21CF5 /* Debug */ = {
			isa = XCBuildConfiguration;
			buildSettings = {
				CODE_SIGN_STYLE = Automatic;
				CURRENT_PROJECT_VERSION = 1;
				DEVELOPMENT_TEAM = UJT6W9JA72;
				GENERATE_INFOPLIST_FILE = YES;
				MARKETING_VERSION = 1.0;
				PRODUCT_BUNDLE_IDENTIFIER = com.jillallan.FootprintsUITests;
				PRODUCT_NAME = "$(TARGET_NAME)";
				SUPPORTED_PLATFORMS = "iphoneos iphonesimulator macosx";
				SUPPORTS_MACCATALYST = NO;
				SUPPORTS_MAC_DESIGNED_FOR_IPHONE_IPAD = NO;
				SUPPORTS_XR_DESIGNED_FOR_IPHONE_IPAD = NO;
				SWIFT_EMIT_LOC_STRINGS = NO;
				SWIFT_VERSION = 5.0;
				TARGETED_DEVICE_FAMILY = "1,2";
				TEST_TARGET_NAME = Footprints;
			};
			name = Debug;
		};
		786728502BCD852700D21CF5 /* Release */ = {
			isa = XCBuildConfiguration;
			buildSettings = {
				CODE_SIGN_STYLE = Automatic;
				CURRENT_PROJECT_VERSION = 1;
				DEVELOPMENT_TEAM = UJT6W9JA72;
				GENERATE_INFOPLIST_FILE = YES;
				MARKETING_VERSION = 1.0;
				PRODUCT_BUNDLE_IDENTIFIER = com.jillallan.FootprintsUITests;
				PRODUCT_NAME = "$(TARGET_NAME)";
				SUPPORTED_PLATFORMS = "iphoneos iphonesimulator macosx";
				SUPPORTS_MACCATALYST = NO;
				SUPPORTS_MAC_DESIGNED_FOR_IPHONE_IPAD = NO;
				SUPPORTS_XR_DESIGNED_FOR_IPHONE_IPAD = NO;
				SWIFT_EMIT_LOC_STRINGS = NO;
				SWIFT_VERSION = 5.0;
				TARGETED_DEVICE_FAMILY = "1,2";
				TEST_TARGET_NAME = Footprints;
			};
			name = Release;
		};
		786728A12BCD85A400D21CF5 /* Debug */ = {
			isa = XCBuildConfiguration;
			buildSettings = {
				ASSETCATALOG_COMPILER_APPICON_NAME = AppIcon;
				ASSETCATALOG_COMPILER_GLOBAL_ACCENT_COLOR_NAME = AccentColor;
				CODE_SIGN_STYLE = Automatic;
				CURRENT_PROJECT_VERSION = 1;
				DEVELOPMENT_ASSET_PATHS = "\"Footprints Watch App/Preview Content\"";
				DEVELOPMENT_TEAM = UJT6W9JA72;
				ENABLE_PREVIEWS = YES;
				GENERATE_INFOPLIST_FILE = YES;
				INFOPLIST_KEY_CFBundleDisplayName = FootprintsWatch;
				INFOPLIST_KEY_UISupportedInterfaceOrientations = "UIInterfaceOrientationPortrait UIInterfaceOrientationPortraitUpsideDown";
				INFOPLIST_KEY_WKCompanionAppBundleIdentifier = com.jillallan.Footprints;
				INFOPLIST_KEY_WKRunsIndependentlyOfCompanionApp = YES;
				LD_RUNPATH_SEARCH_PATHS = (
					"$(inherited)",
					"@executable_path/Frameworks",
				);
				MARKETING_VERSION = 1.0;
				PRODUCT_BUNDLE_IDENTIFIER = com.jillallan.Footprints.watchkitapp;
				PRODUCT_NAME = "$(TARGET_NAME)";
				SDKROOT = watchos;
				SKIP_INSTALL = YES;
				SWIFT_EMIT_LOC_STRINGS = YES;
				SWIFT_VERSION = 5.0;
				TARGETED_DEVICE_FAMILY = 4;
				WATCHOS_DEPLOYMENT_TARGET = 10.4;
			};
			name = Debug;
		};
		786728A22BCD85A400D21CF5 /* Release */ = {
			isa = XCBuildConfiguration;
			buildSettings = {
				ASSETCATALOG_COMPILER_APPICON_NAME = AppIcon;
				ASSETCATALOG_COMPILER_GLOBAL_ACCENT_COLOR_NAME = AccentColor;
				CODE_SIGN_STYLE = Automatic;
				CURRENT_PROJECT_VERSION = 1;
				DEVELOPMENT_ASSET_PATHS = "\"Footprints Watch App/Preview Content\"";
				DEVELOPMENT_TEAM = UJT6W9JA72;
				ENABLE_PREVIEWS = YES;
				GENERATE_INFOPLIST_FILE = YES;
				INFOPLIST_KEY_CFBundleDisplayName = FootprintsWatch;
				INFOPLIST_KEY_UISupportedInterfaceOrientations = "UIInterfaceOrientationPortrait UIInterfaceOrientationPortraitUpsideDown";
				INFOPLIST_KEY_WKCompanionAppBundleIdentifier = com.jillallan.Footprints;
				INFOPLIST_KEY_WKRunsIndependentlyOfCompanionApp = YES;
				LD_RUNPATH_SEARCH_PATHS = (
					"$(inherited)",
					"@executable_path/Frameworks",
				);
				MARKETING_VERSION = 1.0;
				PRODUCT_BUNDLE_IDENTIFIER = com.jillallan.Footprints.watchkitapp;
				PRODUCT_NAME = "$(TARGET_NAME)";
				SDKROOT = watchos;
				SKIP_INSTALL = YES;
				SWIFT_EMIT_LOC_STRINGS = YES;
				SWIFT_VERSION = 5.0;
				TARGETED_DEVICE_FAMILY = 4;
				WATCHOS_DEPLOYMENT_TARGET = 10.4;
			};
			name = Release;
		};
		78E217092BCD4E5F000C08F9 /* Debug */ = {
			isa = XCBuildConfiguration;
			buildSettings = {
				ALWAYS_SEARCH_USER_PATHS = NO;
				ASSETCATALOG_COMPILER_GENERATE_SWIFT_ASSET_SYMBOL_EXTENSIONS = YES;
				CLANG_ANALYZER_NONNULL = YES;
				CLANG_ANALYZER_NUMBER_OBJECT_CONVERSION = YES_AGGRESSIVE;
				CLANG_CXX_LANGUAGE_STANDARD = "gnu++20";
				CLANG_ENABLE_MODULES = YES;
				CLANG_ENABLE_OBJC_ARC = YES;
				CLANG_ENABLE_OBJC_WEAK = YES;
				CLANG_WARN_BLOCK_CAPTURE_AUTORELEASING = YES;
				CLANG_WARN_BOOL_CONVERSION = YES;
				CLANG_WARN_COMMA = YES;
				CLANG_WARN_CONSTANT_CONVERSION = YES;
				CLANG_WARN_DEPRECATED_OBJC_IMPLEMENTATIONS = YES;
				CLANG_WARN_DIRECT_OBJC_ISA_USAGE = YES_ERROR;
				CLANG_WARN_DOCUMENTATION_COMMENTS = YES;
				CLANG_WARN_EMPTY_BODY = YES;
				CLANG_WARN_ENUM_CONVERSION = YES;
				CLANG_WARN_INFINITE_RECURSION = YES;
				CLANG_WARN_INT_CONVERSION = YES;
				CLANG_WARN_NON_LITERAL_NULL_CONVERSION = YES;
				CLANG_WARN_OBJC_IMPLICIT_RETAIN_SELF = YES;
				CLANG_WARN_OBJC_LITERAL_CONVERSION = YES;
				CLANG_WARN_OBJC_ROOT_CLASS = YES_ERROR;
				CLANG_WARN_QUOTED_INCLUDE_IN_FRAMEWORK_HEADER = YES;
				CLANG_WARN_RANGE_LOOP_ANALYSIS = YES;
				CLANG_WARN_STRICT_PROTOTYPES = YES;
				CLANG_WARN_SUSPICIOUS_MOVE = YES;
				CLANG_WARN_UNGUARDED_AVAILABILITY = YES_AGGRESSIVE;
				CLANG_WARN_UNREACHABLE_CODE = YES;
				CLANG_WARN__DUPLICATE_METHOD_MATCH = YES;
				COPY_PHASE_STRIP = NO;
				DEBUG_INFORMATION_FORMAT = dwarf;
				ENABLE_STRICT_OBJC_MSGSEND = YES;
				ENABLE_TESTABILITY = YES;
				ENABLE_USER_SCRIPT_SANDBOXING = YES;
				GCC_C_LANGUAGE_STANDARD = gnu17;
				GCC_DYNAMIC_NO_PIC = NO;
				GCC_NO_COMMON_BLOCKS = YES;
				GCC_OPTIMIZATION_LEVEL = 0;
				GCC_PREPROCESSOR_DEFINITIONS = (
					"DEBUG=1",
					"$(inherited)",
				);
				GCC_WARN_64_TO_32_BIT_CONVERSION = YES;
				GCC_WARN_ABOUT_RETURN_TYPE = YES_ERROR;
				GCC_WARN_UNDECLARED_SELECTOR = YES;
				GCC_WARN_UNINITIALIZED_AUTOS = YES_AGGRESSIVE;
				GCC_WARN_UNUSED_FUNCTION = YES;
				GCC_WARN_UNUSED_VARIABLE = YES;
				IPHONEOS_DEPLOYMENT_TARGET = 17.4;
				LOCALIZATION_PREFERS_STRING_CATALOGS = YES;
				MTL_ENABLE_DEBUG_INFO = INCLUDE_SOURCE;
				MTL_FAST_MATH = YES;
				ONLY_ACTIVE_ARCH = YES;
				SDKROOT = iphoneos;
				SWIFT_ACTIVE_COMPILATION_CONDITIONS = "DEBUG $(inherited)";
				SWIFT_OPTIMIZATION_LEVEL = "-Onone";
			};
			name = Debug;
		};
		78E2170A2BCD4E5F000C08F9 /* Release */ = {
			isa = XCBuildConfiguration;
			buildSettings = {
				ALWAYS_SEARCH_USER_PATHS = NO;
				ASSETCATALOG_COMPILER_GENERATE_SWIFT_ASSET_SYMBOL_EXTENSIONS = YES;
				CLANG_ANALYZER_NONNULL = YES;
				CLANG_ANALYZER_NUMBER_OBJECT_CONVERSION = YES_AGGRESSIVE;
				CLANG_CXX_LANGUAGE_STANDARD = "gnu++20";
				CLANG_ENABLE_MODULES = YES;
				CLANG_ENABLE_OBJC_ARC = YES;
				CLANG_ENABLE_OBJC_WEAK = YES;
				CLANG_WARN_BLOCK_CAPTURE_AUTORELEASING = YES;
				CLANG_WARN_BOOL_CONVERSION = YES;
				CLANG_WARN_COMMA = YES;
				CLANG_WARN_CONSTANT_CONVERSION = YES;
				CLANG_WARN_DEPRECATED_OBJC_IMPLEMENTATIONS = YES;
				CLANG_WARN_DIRECT_OBJC_ISA_USAGE = YES_ERROR;
				CLANG_WARN_DOCUMENTATION_COMMENTS = YES;
				CLANG_WARN_EMPTY_BODY = YES;
				CLANG_WARN_ENUM_CONVERSION = YES;
				CLANG_WARN_INFINITE_RECURSION = YES;
				CLANG_WARN_INT_CONVERSION = YES;
				CLANG_WARN_NON_LITERAL_NULL_CONVERSION = YES;
				CLANG_WARN_OBJC_IMPLICIT_RETAIN_SELF = YES;
				CLANG_WARN_OBJC_LITERAL_CONVERSION = YES;
				CLANG_WARN_OBJC_ROOT_CLASS = YES_ERROR;
				CLANG_WARN_QUOTED_INCLUDE_IN_FRAMEWORK_HEADER = YES;
				CLANG_WARN_RANGE_LOOP_ANALYSIS = YES;
				CLANG_WARN_STRICT_PROTOTYPES = YES;
				CLANG_WARN_SUSPICIOUS_MOVE = YES;
				CLANG_WARN_UNGUARDED_AVAILABILITY = YES_AGGRESSIVE;
				CLANG_WARN_UNREACHABLE_CODE = YES;
				CLANG_WARN__DUPLICATE_METHOD_MATCH = YES;
				COPY_PHASE_STRIP = NO;
				DEBUG_INFORMATION_FORMAT = "dwarf-with-dsym";
				ENABLE_NS_ASSERTIONS = NO;
				ENABLE_STRICT_OBJC_MSGSEND = YES;
				ENABLE_USER_SCRIPT_SANDBOXING = YES;
				GCC_C_LANGUAGE_STANDARD = gnu17;
				GCC_NO_COMMON_BLOCKS = YES;
				GCC_WARN_64_TO_32_BIT_CONVERSION = YES;
				GCC_WARN_ABOUT_RETURN_TYPE = YES_ERROR;
				GCC_WARN_UNDECLARED_SELECTOR = YES;
				GCC_WARN_UNINITIALIZED_AUTOS = YES_AGGRESSIVE;
				GCC_WARN_UNUSED_FUNCTION = YES;
				GCC_WARN_UNUSED_VARIABLE = YES;
				IPHONEOS_DEPLOYMENT_TARGET = 17.4;
				LOCALIZATION_PREFERS_STRING_CATALOGS = YES;
				MTL_ENABLE_DEBUG_INFO = NO;
				MTL_FAST_MATH = YES;
				SDKROOT = iphoneos;
				SWIFT_COMPILATION_MODE = wholemodule;
				VALIDATE_PRODUCT = YES;
			};
			name = Release;
		};
		78E2170C2BCD4E5F000C08F9 /* Debug */ = {
			isa = XCBuildConfiguration;
			buildSettings = {
				ALWAYS_EMBED_SWIFT_STANDARD_LIBRARIES = YES;
				ASSETCATALOG_COMPILER_APPICON_NAME = AppIcon;
				ASSETCATALOG_COMPILER_GLOBAL_ACCENT_COLOR_NAME = AccentColor;
				CODE_SIGN_STYLE = Automatic;
				CURRENT_PROJECT_VERSION = 1;
				DEVELOPMENT_ASSET_PATHS = "\"Footprints/Preview Content\"";
				DEVELOPMENT_TEAM = UJT6W9JA72;
				ENABLE_PREVIEWS = YES;
				ENABLE_USER_SCRIPT_SANDBOXING = NO;
				GENERATE_INFOPLIST_FILE = YES;
				INFOPLIST_KEY_UIApplicationSceneManifest_Generation = YES;
				INFOPLIST_KEY_UIApplicationSupportsIndirectInputEvents = YES;
				INFOPLIST_KEY_UILaunchScreen_Generation = YES;
				INFOPLIST_KEY_UISupportedInterfaceOrientations_iPad = "UIInterfaceOrientationPortrait UIInterfaceOrientationPortraitUpsideDown UIInterfaceOrientationLandscapeLeft UIInterfaceOrientationLandscapeRight";
				INFOPLIST_KEY_UISupportedInterfaceOrientations_iPhone = "UIInterfaceOrientationPortrait UIInterfaceOrientationLandscapeLeft UIInterfaceOrientationLandscapeRight";
				LD_RUNPATH_SEARCH_PATHS = (
					"$(inherited)",
					"@executable_path/Frameworks",
				);
				MARKETING_VERSION = 1.0;
				PRODUCT_BUNDLE_IDENTIFIER = com.jillallan.Footprints;
				PRODUCT_NAME = "$(TARGET_NAME)";
				SUPPORTED_PLATFORMS = "iphoneos iphonesimulator macosx";
				SUPPORTS_MACCATALYST = NO;
				SUPPORTS_MAC_DESIGNED_FOR_IPHONE_IPAD = NO;
				SUPPORTS_XR_DESIGNED_FOR_IPHONE_IPAD = NO;
				SWIFT_EMIT_LOC_STRINGS = YES;
				SWIFT_STRICT_CONCURRENCY = complete;
				SWIFT_VERSION = 5.0;
				TARGETED_DEVICE_FAMILY = "1,2";
			};
			name = Debug;
		};
		78E2170D2BCD4E5F000C08F9 /* Release */ = {
			isa = XCBuildConfiguration;
			buildSettings = {
				ALWAYS_EMBED_SWIFT_STANDARD_LIBRARIES = YES;
				ASSETCATALOG_COMPILER_APPICON_NAME = AppIcon;
				ASSETCATALOG_COMPILER_GLOBAL_ACCENT_COLOR_NAME = AccentColor;
				CODE_SIGN_STYLE = Automatic;
				CURRENT_PROJECT_VERSION = 1;
				DEVELOPMENT_ASSET_PATHS = "\"Footprints/Preview Content\"";
				DEVELOPMENT_TEAM = UJT6W9JA72;
				ENABLE_PREVIEWS = YES;
				ENABLE_USER_SCRIPT_SANDBOXING = NO;
				GENERATE_INFOPLIST_FILE = YES;
				INFOPLIST_KEY_UIApplicationSceneManifest_Generation = YES;
				INFOPLIST_KEY_UIApplicationSupportsIndirectInputEvents = YES;
				INFOPLIST_KEY_UILaunchScreen_Generation = YES;
				INFOPLIST_KEY_UISupportedInterfaceOrientations_iPad = "UIInterfaceOrientationPortrait UIInterfaceOrientationPortraitUpsideDown UIInterfaceOrientationLandscapeLeft UIInterfaceOrientationLandscapeRight";
				INFOPLIST_KEY_UISupportedInterfaceOrientations_iPhone = "UIInterfaceOrientationPortrait UIInterfaceOrientationLandscapeLeft UIInterfaceOrientationLandscapeRight";
				LD_RUNPATH_SEARCH_PATHS = (
					"$(inherited)",
					"@executable_path/Frameworks",
				);
				MARKETING_VERSION = 1.0;
				PRODUCT_BUNDLE_IDENTIFIER = com.jillallan.Footprints;
				PRODUCT_NAME = "$(TARGET_NAME)";
				SUPPORTED_PLATFORMS = "iphoneos iphonesimulator macosx";
				SUPPORTS_MACCATALYST = NO;
				SUPPORTS_MAC_DESIGNED_FOR_IPHONE_IPAD = NO;
				SUPPORTS_XR_DESIGNED_FOR_IPHONE_IPAD = NO;
				SWIFT_EMIT_LOC_STRINGS = YES;
				SWIFT_STRICT_CONCURRENCY = complete;
				SWIFT_VERSION = 5.0;
				TARGETED_DEVICE_FAMILY = "1,2";
			};
			name = Release;
		};
		78E217192BCD4E7E000C08F9 /* Debug */ = {
			isa = XCBuildConfiguration;
			buildSettings = {
				BUNDLE_LOADER = "$(TEST_HOST)";
				CODE_SIGN_STYLE = Automatic;
				CURRENT_PROJECT_VERSION = 1;
				DEVELOPMENT_TEAM = UJT6W9JA72;
				GENERATE_INFOPLIST_FILE = YES;
				MARKETING_VERSION = 1.0;
				PRODUCT_BUNDLE_IDENTIFIER = com.jillallan.FootprintsTests;
				PRODUCT_NAME = "$(TARGET_NAME)";
				SUPPORTED_PLATFORMS = "iphoneos iphonesimulator macosx";
				SUPPORTS_MACCATALYST = NO;
				SUPPORTS_MAC_DESIGNED_FOR_IPHONE_IPAD = NO;
				SUPPORTS_XR_DESIGNED_FOR_IPHONE_IPAD = NO;
				SWIFT_EMIT_LOC_STRINGS = NO;
				SWIFT_VERSION = 5.0;
				TARGETED_DEVICE_FAMILY = "1,2";
				TEST_HOST = "$(BUILT_PRODUCTS_DIR)/Footprints.app/$(BUNDLE_EXECUTABLE_FOLDER_PATH)/Footprints";
			};
			name = Debug;
		};
		78E2171A2BCD4E7E000C08F9 /* Release */ = {
			isa = XCBuildConfiguration;
			buildSettings = {
				BUNDLE_LOADER = "$(TEST_HOST)";
				CODE_SIGN_STYLE = Automatic;
				CURRENT_PROJECT_VERSION = 1;
				DEVELOPMENT_TEAM = UJT6W9JA72;
				GENERATE_INFOPLIST_FILE = YES;
				MARKETING_VERSION = 1.0;
				PRODUCT_BUNDLE_IDENTIFIER = com.jillallan.FootprintsTests;
				PRODUCT_NAME = "$(TARGET_NAME)";
				SUPPORTED_PLATFORMS = "iphoneos iphonesimulator macosx";
				SUPPORTS_MACCATALYST = NO;
				SUPPORTS_MAC_DESIGNED_FOR_IPHONE_IPAD = NO;
				SUPPORTS_XR_DESIGNED_FOR_IPHONE_IPAD = NO;
				SWIFT_EMIT_LOC_STRINGS = NO;
				SWIFT_VERSION = 5.0;
				TARGETED_DEVICE_FAMILY = "1,2";
				TEST_HOST = "$(BUILT_PRODUCTS_DIR)/Footprints.app/$(BUNDLE_EXECUTABLE_FOLDER_PATH)/Footprints";
			};
			name = Release;
		};
/* End XCBuildConfiguration section */

/* Begin XCConfigurationList section */
		7867284E2BCD852700D21CF5 /* Build configuration list for PBXNativeTarget "FootprintsUITests" */ = {
			isa = XCConfigurationList;
			buildConfigurations = (
				7867284F2BCD852700D21CF5 /* Debug */,
				786728502BCD852700D21CF5 /* Release */,
			);
			defaultConfigurationIsVisible = 0;
			defaultConfigurationName = Release;
		};
		786728A02BCD85A400D21CF5 /* Build configuration list for PBXNativeTarget "Footprints Watch App" */ = {
			isa = XCConfigurationList;
			buildConfigurations = (
				786728A12BCD85A400D21CF5 /* Debug */,
				786728A22BCD85A400D21CF5 /* Release */,
			);
			defaultConfigurationIsVisible = 0;
			defaultConfigurationName = Release;
		};
		78E216F82BCD4E5E000C08F9 /* Build configuration list for PBXProject "Footprints" */ = {
			isa = XCConfigurationList;
			buildConfigurations = (
				78E217092BCD4E5F000C08F9 /* Debug */,
				78E2170A2BCD4E5F000C08F9 /* Release */,
			);
			defaultConfigurationIsVisible = 0;
			defaultConfigurationName = Release;
		};
		78E2170B2BCD4E5F000C08F9 /* Build configuration list for PBXNativeTarget "Footprints" */ = {
			isa = XCConfigurationList;
			buildConfigurations = (
				78E2170C2BCD4E5F000C08F9 /* Debug */,
				78E2170D2BCD4E5F000C08F9 /* Release */,
			);
			defaultConfigurationIsVisible = 0;
			defaultConfigurationName = Release;
		};
		78E217182BCD4E7E000C08F9 /* Build configuration list for PBXNativeTarget "FootprintsTests" */ = {
			isa = XCConfigurationList;
			buildConfigurations = (
				78E217192BCD4E7E000C08F9 /* Debug */,
				78E2171A2BCD4E7E000C08F9 /* Release */,
			);
			defaultConfigurationIsVisible = 0;
			defaultConfigurationName = Release;
		};
/* End XCConfigurationList section */
	};
	rootObject = 78E216F52BCD4E5E000C08F9 /* Project object */;
}
